
Microsoft Visual Studio Solution File, Format Version 12.00
# Visual Studio 14
VisualStudioVersion = 14.0.23107.0
MinimumVisualStudioVersion = 10.0.40219.1
Project("{FAE04EC0-301F-11D3-BF4B-00C04F79EFBC}") = "MVCApplication", "MVCApplication\MVCApplication.csproj", "{25174EDD-F3A5-4BEF-B1FA-5EBC4DED668C}"
EndProject
Project("{2150E333-8FDC-42A3-9474-1A3956D46DE8}") = "View and Controller", "View and Controller", "{7735D662-7F52-4754-AD44-4E79193BA4AF}"
EndProject
Project("{2150E333-8FDC-42A3-9474-1A3956D46DE8}") = "Model", "Model", "{E2F2CDB3-82AD-4239-B058-D8DCD3CF77E9}"
EndProject
Project("{2150E333-8FDC-42A3-9474-1A3956D46DE8}") = "View Model", "View Model", "{655F008A-1381-4AD2-97B2-FB6DFC3B468F}"
EndProject
Project("{2150E333-8FDC-42A3-9474-1A3956D46DE8}") = "Data Access Layer", "Data Access Layer", "{D19F2C4A-F3D2-4845-9DB3-0B76AF082AC9}"
EndProject
Project("{FAE04EC0-301F-11D3-BF4B-00C04F79EFBC}") = "DataAccessLayer", "DataAccessLayer\DataAccessLayer.csproj", "{86648B96-C178-43B4-A67F-9D201D23DEB6}"
EndProject
Project("{FAE04EC0-301F-11D3-BF4B-00C04F79EFBC}") = "BusinessLayer", "BusinessLayer\BusinessLayer.csproj", "{023CC644-B42F-4D5E-A044-4B01D67E6B40}"
EndProject
Project("{FAE04EC0-301F-11D3-BF4B-00C04F79EFBC}") = "BusinessEntities", "BusinessEntities\BusinessEntities.csproj", "{A0091A6F-0EE1-4230-8347-AEF3C8550FA6}"
EndProject
Project("{FAE04EC0-301F-11D3-BF4B-00C04F79EFBC}") = "ViewModel", "ViewModel\ViewModel.csproj", "{129485EF-DAB0-4525-8EFD-7223C3CA203E}"
EndProject
Global
	GlobalSection(SolutionConfigurationPlatforms) = preSolution
		Debug|Any CPU = Debug|Any CPU
		Release|Any CPU = Release|Any CPU
	EndGlobalSection
	GlobalSection(ProjectConfigurationPlatforms) = postSolution
		{25174EDD-F3A5-4BEF-B1FA-5EBC4DED668C}.Debug|Any CPU.ActiveCfg = Debug|Any CPU
		{25174EDD-F3A5-4BEF-B1FA-5EBC4DED668C}.Debug|Any CPU.Build.0 = Debug|Any CPU
		{25174EDD-F3A5-4BEF-B1FA-5EBC4DED668C}.Release|Any CPU.ActiveCfg = Release|Any CPU
		{25174EDD-F3A5-4BEF-B1FA-5EBC4DED668C}.Release|Any CPU.Build.0 = Release|Any CPU
		{86648B96-C178-43B4-A67F-9D201D23DEB6}.Debug|Any CPU.ActiveCfg = Debug|Any CPU
		{86648B96-C178-43B4-A67F-9D201D23DEB6}.Debug|Any CPU.Build.0 = Debug|Any CPU
		{86648B96-C178-43B4-A67F-9D201D23DEB6}.Release|Any CPU.ActiveCfg = Release|Any CPU
		{86648B96-C178-43B4-A67F-9D201D23DEB6}.Release|Any CPU.Build.0 = Release|Any CPU
		{023CC644-B42F-4D5E-A044-4B01D67E6B40}.Debug|Any CPU.ActiveCfg = Debug|Any CPU
		{023CC644-B42F-4D5E-A044-4B01D67E6B40}.Debug|Any CPU.Build.0 = Debug|Any CPU
		{023CC644-B42F-4D5E-A044-4B01D67E6B40}.Release|Any CPU.ActiveCfg = Release|Any CPU
		{023CC644-B42F-4D5E-A044-4B01D67E6B40}.Release|Any CPU.Build.0 = Release|Any CPU
		{A0091A6F-0EE1-4230-8347-AEF3C8550FA6}.Debug|Any CPU.ActiveCfg = Debug|Any CPU
		{A0091A6F-0EE1-4230-8347-AEF3C8550FA6}.Debug|Any CPU.Build.0 = Debug|Any CPU
		{A0091A6F-0EE1-4230-8347-AEF3C8550FA6}.Release|Any CPU.ActiveCfg = Release|Any CPU
		{A0091A6F-0EE1-4230-8347-AEF3C8550FA6}.Release|Any CPU.Build.0 = Release|Any CPU
		{129485EF-DAB0-4525-8EFD-7223C3CA203E}.Debug|Any CPU.ActiveCfg = Debug|Any CPU
		{129485EF-DAB0-4525-8EFD-7223C3CA203E}.Debug|Any CPU.Build.0 = Debug|Any CPU
		{129485EF-DAB0-4525-8EFD-7223C3CA203E}.Release|Any CPU.ActiveCfg = Release|Any CPU
		{129485EF-DAB0-4525-8EFD-7223C3CA203E}.Release|Any CPU.Build.0 = Release|Any CPU
	EndGlobalSection
	GlobalSection(SolutionProperties) = preSolution
		HideSolutionNode = FALSE
	EndGlobalSection
	GlobalSection(NestedProjects) = preSolution
		{25174EDD-F3A5-4BEF-B1FA-5EBC4DED668C} = {7735D662-7F52-4754-AD44-4E79193BA4AF}
		{86648B96-C178-43B4-A67F-9D201D23DEB6} = {D19F2C4A-F3D2-4845-9DB3-0B76AF082AC9}
		{023CC644-B42F-4D5E-A044-4B01D67E6B40} = {E2F2CDB3-82AD-4239-B058-D8DCD3CF77E9}
		{A0091A6F-0EE1-4230-8347-AEF3C8550FA6} = {E2F2CDB3-82AD-4239-B058-D8DCD3CF77E9}
		{129485EF-DAB0-4525-8EFD-7223C3CA203E} = {655F008A-1381-4AD2-97B2-FB6DFC3B468F}
	EndGlobalSection
EndGlobal
